
Microsoft Visual Studio Solution File, Format Version 12.00
# Visual Studio 15
VisualStudioVersion = 15.0.28307.421
MinimumVisualStudioVersion = 10.0.40219.1
Project("{FAE04EC0-301F-11D3-BF4B-00C04F79EFBC}") = "CommandPermissions", "CommandPermissions\CommandPermissions.csproj", "{F118EBEF-DEBC-4C4F-971A-DFC374415705}"
EndProject
Global
	GlobalSection(SolutionConfigurationPlatforms) = preSolution
		Debug|Any CPU = Debug|Any CPU
		Release|Any CPU = Release|Any CPU
	EndGlobalSection
	GlobalSection(ProjectConfigurationPlatforms) = postSolution
		{F118EBEF-DEBC-4C4F-971A-DFC374415705}.Debug|Any CPU.ActiveCfg = Debug|Any CPU
		{F118EBEF-DEBC-4C4F-971A-DFC374415705}.Debug|Any CPU.Build.0 = Debug|Any CPU
		{F118EBEF-DEBC-4C4F-971A-DFC374415705}.Release|Any CPU.ActiveCfg = Release|Any CPU
		{F118EBEF-DEBC-4C4F-971A-DFC374415705}.Release|Any CPU.Build.0 = Release|Any CPU
	EndGlobalSection
	GlobalSection(SolutionProperties) = preSolution
		HideSolutionNode = FALSE
	EndGlobalSection
	GlobalSection(ExtensibilityGlobals) = postSolution
		SolutionGuid = {E34CE9B9-83CA-4FCD-85DE-14FA4A35E7CA}
	EndGlobalSection
EndGlobal
